// !$*UTF8*$!
{
	archiveVersion = 1;
	classes = {
	};
	objectVersion = 50;
	objects = {

/* Begin PBXBuildFile section */
		BCE7908724DB9C72001E8488 /* AppDelegate.swift in Sources */ = {isa = PBXBuildFile; fileRef = BCE7908624DB9C72001E8488 /* AppDelegate.swift */; };
		BCE7908924DB9C72001E8488 /* SceneDelegate.swift in Sources */ = {isa = PBXBuildFile; fileRef = BCE7908824DB9C72001E8488 /* SceneDelegate.swift */; };
		BCE7908B24DB9C72001E8488 /* ViewController.swift in Sources */ = {isa = PBXBuildFile; fileRef = BCE7908A24DB9C72001E8488 /* ViewController.swift */; };
		BCE7908E24DB9C72001E8488 /* Main.storyboard in Resources */ = {isa = PBXBuildFile; fileRef = BCE7908C24DB9C72001E8488 /* Main.storyboard */; };
		BCE7909024DB9C74001E8488 /* Assets.xcassets in Resources */ = {isa = PBXBuildFile; fileRef = BCE7908F24DB9C74001E8488 /* Assets.xcassets */; };
		BCE7909324DB9C74001E8488 /* LaunchScreen.storyboard in Resources */ = {isa = PBXBuildFile; fileRef = BCE7909124DB9C74001E8488 /* LaunchScreen.storyboard */; };
/* End PBXBuildFile section */

/* Begin PBXFileReference section */
		BCE7908324DB9C72001E8488 /* Wedding Invitation.app */ = {isa = PBXFileReference; explicitFileType = wrapper.application; includeInIndex = 0; path = "Wedding Invitation.app"; sourceTree = BUILT_PRODUCTS_DIR; };
		BCE7908624DB9C72001E8488 /* AppDelegate.swift */ = {isa = PBXFileReference; lastKnownFileType = sourcecode.swift; path = AppDelegate.swift; sourceTree = "<group>"; };
		BCE7908824DB9C72001E8488 /* SceneDelegate.swift */ = {isa = PBXFileReference; lastKnownFileType = sourcecode.swift; path = SceneDelegate.swift; sourceTree = "<group>"; };
		BCE7908A24DB9C72001E8488 /* ViewController.swift */ = {isa = PBXFileReference; lastKnownFileType = sourcecode.swift; path = ViewController.swift; sourceTree = "<group>"; };
		BCE7908D24DB9C72001E8488 /* Base */ = {isa = PBXFileReference; lastKnownFileType = file.storyboard; name = Base; path = Base.lproj/Main.storyboard; sourceTree = "<group>"; };
		BCE7908F24DB9C74001E8488 /* Assets.xcassets */ = {isa = PBXFileReference; lastKnownFileType = folder.assetcatalog; path = Assets.xcassets; sourceTree = "<group>"; };
		BCE7909224DB9C74001E8488 /* Base */ = {isa = PBXFileReference; lastKnownFileType = file.storyboard; name = Base; path = Base.lproj/LaunchScreen.storyboard; sourceTree = "<group>"; };
		BCE7909424DB9C74001E8488 /* Info.plist */ = {isa = PBXFileReference; lastKnownFileType = text.plist.xml; path = Info.plist; sourceTree = "<group>"; };
/* End PBXFileReference section */

/* Begin PBXFrameworksBuildPhase section */
		BCE7908024DB9C72001E8488 /* Frameworks */ = {
			isa = PBXFrameworksBuildPhase;
			buildActionMask = 2147483647;
			files = (
			);
			runOnlyForDeploymentPostprocessing = 0;
		};
/* End PBXFrameworksBuildPhase section */

/* Begin PBXGroup section */
		BCE7907A24DB9C72001E8488 = {
			isa = PBXGroup;
			children = (
				BCE7908524DB9C72001E8488 /* Buku Nikah Completed Project */,
				BCE7908424DB9C72001E8488 /* Products */,
			);
			sourceTree = "<group>";
		};
		BCE7908424DB9C72001E8488 /* Products */ = {
			isa = PBXGroup;
			children = (
				BCE7908324DB9C72001E8488 /* Wedding Invitation.app */,
			);
			name = Products;
			sourceTree = "<group>";
		};
		BCE7908524DB9C72001E8488 /* Buku Nikah Completed Project */ = {
			isa = PBXGroup;
			children = (
				BCE7908624DB9C72001E8488 /* AppDelegate.swift */,
				BCE7908824DB9C72001E8488 /* SceneDelegate.swift */,
				BCE7908A24DB9C72001E8488 /* ViewController.swift */,
				BCE7908C24DB9C72001E8488 /* Main.storyboard */,
				BCE7908F24DB9C74001E8488 /* Assets.xcassets */,
				BCE7909124DB9C74001E8488 /* LaunchScreen.storyboard */,
				BCE7909424DB9C74001E8488 /* Info.plist */,
			);
			path = "Buku Nikah Completed Project";
			sourceTree = "<group>";
		};
/* End PBXGroup section */

/* Begin PBXNativeTarget section */
		BCE7908224DB9C72001E8488 /* Buku Nikah Completed Project */ = {
			isa = PBXNativeTarget;
			buildConfigurationList = BCE7909724DB9C74001E8488 /* Build configuration list for PBXNativeTarget "Buku Nikah Completed Project" */;
			buildPhases = (
				BCE7907F24DB9C72001E8488 /* Sources */,
				BCE7908024DB9C72001E8488 /* Frameworks */,
				BCE7908124DB9C72001E8488 /* Resources */,
			);
			buildRules = (
			);
			dependencies = (
			);
			name = "Buku Nikah Completed Project";
			productName = "Buku Nikah Completed Project";
			productReference = BCE7908324DB9C72001E8488 /* Wedding Invitation.app */;
			productType = "com.apple.product-type.application";
		};
/* End PBXNativeTarget section */

/* Begin PBXProject section */
		BCE7907B24DB9C72001E8488 /* Project object */ = {
			isa = PBXProject;
			attributes = {
				LastSwiftUpdateCheck = 1160;
				LastUpgradeCheck = 1160;
				ORGANIZATIONNAME = Apalo13;
				TargetAttributes = {
					BCE7908224DB9C72001E8488 = {
						CreatedOnToolsVersion = 11.6;
					};
				};
			};
			buildConfigurationList = BCE7907E24DB9C72001E8488 /* Build configuration list for PBXProject "Buku Nikah Completed Project" */;
			compatibilityVersion = "Xcode 9.3";
			developmentRegion = en;
			hasScannedForEncodings = 0;
			knownRegions = (
				en,
				Base,
			);
			mainGroup = BCE7907A24DB9C72001E8488;
			productRefGroup = BCE7908424DB9C72001E8488 /* Products */;
			projectDirPath = "";
			projectRoot = "";
			targets = (
				BCE7908224DB9C72001E8488 /* Buku Nikah Completed Project */,
			);
		};
/* End PBXProject section */

/* Begin PBXResourcesBuildPhase section */
		BCE7908124DB9C72001E8488 /* Resources */ = {
			isa = PBXResourcesBuildPhase;
			buildActionMask = 2147483647;
			files = (
				BCE7909324DB9C74001E8488 /* LaunchScreen.storyboard in Resources */,
				BCE7909024DB9C74001E8488 /* Assets.xcassets in Resources */,
				BCE7908E24DB9C72001E8488 /* Main.storyboard in Resources */,
			);
			runOnlyForDeploymentPostprocessing = 0;
		};
/* End PBXResourcesBuildPhase section */

/* Begin PBXSourcesBuildPhase section */
		BCE7907F24DB9C72001E8488 /* Sources */ = {
			isa = PBXSourcesBuildPhase;
			buildActionMask = 2147483647;
			files = (
				BCE7908B24DB9C72001E8488 /* ViewController.swift in Sources */,
				BCE7908724DB9C72001E8488 /* AppDelegate.swift in Sources */,
				BCE7908924DB9C72001E8488 /* SceneDelegate.swift in Sources */,
			);
			runOnlyForDeploymentPostprocessing = 0;
		};
/* End PBXSourcesBuildPhase section */

/* Begin PBXVariantGroup section */
		BCE7908C24DB9C72001E8488 /* Main.storyboard */ = {
			isa = PBXVariantGroup;
			children = (
				BCE7908D24DB9C72001E8488 /* Base */,
			);
			name = Main.storyboard;
			sourceTree = "<group>";
		};
		BCE7909124DB9C74001E8488 /* LaunchScreen.storyboard */ = {
			isa = PBXVariantGroup;
			children = (
				BCE7909224DB9C74001E8488 /* Base */,
			);
			name = LaunchScreen.storyboard;
			sourceTree = "<group>";
		};
/* End PBXVariantGroup section */

/* Begin XCBuildConfiguration section */
		BCE7909524DB9C74001E8488 /* Debug */ = {
			isa = XCBuildConfiguration;
			buildSettings = {
				ALWAYS_SEARCH_USER_PATHS = NO;
				CLANG_ANALYZER_NONNULL = YES;
				CLANG_ANALYZER_NUMBER_OBJECT_CONVERSION = YES_AGGRESSIVE;
				CLANG_CXX_LANGUAGE_STANDARD = "gnu++14";
				CLANG_CXX_LIBRARY = "libc++";
				CLANG_ENABLE_MODULES = YES;
				CLANG_ENABLE_OBJC_ARC = YES;
				CLANG_ENABLE_OBJC_WEAK = YES;
				CLANG_WARN_BLOCK_CAPTURE_AUTORELEASING = YES;
				CLANG_WARN_BOOL_CONVERSION = YES;
				CLANG_WARN_COMMA = YES;
				CLANG_WARN_CONSTANT_CONVERSION = YES;
				CLANG_WARN_DEPRECATED_OBJC_IMPLEMENTATIONS = YES;
				CLANG_WARN_DIRECT_OBJC_ISA_USAGE = YES_ERROR;
				CLANG_WARN_DOCUMENTATION_COMMENTS = YES;
				CLANG_WARN_EMPTY_BODY = YES;
				CLANG_WARN_ENUM_CONVERSION = YES;
				CLANG_WARN_INFINITE_RECURSION = YES;
				CLANG_WARN_INT_CONVERSION = YES;
				CLANG_WARN_NON_LITERAL_NULL_CONVERSION = YES;
				CLANG_WARN_OBJC_IMPLICIT_RETAIN_SELF = YES;
				CLANG_WARN_OBJC_LITERAL_CONVERSION = YES;
				CLANG_WARN_OBJC_ROOT_CLASS = YES_ERROR;
				CLANG_WARN_RANGE_LOOP_ANALYSIS = YES;
				CLANG_WARN_STRICT_PROTOTYPES = YES;
				CLANG_WARN_SUSPICIOUS_MOVE = YES;
				CLANG_WARN_UNGUARDED_AVAILABILITY = YES_AGGRESSIVE;
				CLANG_WARN_UNREACHABLE_CODE = YES;
				CLANG_WARN__DUPLICATE_METHOD_MATCH = YES;
				COPY_PHASE_STRIP = NO;
				DEBUG_INFORMATION_FORMAT = dwarf;
				ENABLE_STRICT_OBJC_MSGSEND = YES;
				ENABLE_TESTABILITY = YES;
				GCC_C_LANGUAGE_STANDARD = gnu11;
				GCC_DYNAMIC_NO_PIC = NO;
				GCC_NO_COMMON_BLOCKS = YES;
				GCC_OPTIMIZATION_LEVEL = 0;
				GCC_PREPROCESSOR_DEFINITIONS = (
					"DEBUG=1",
					"$(inherited)",
				);
				GCC_WARN_64_TO_32_BIT_CONVERSION = YES;
				GCC_WARN_ABOUT_RETURN_TYPE = YES_ERROR;
				GCC_WARN_UNDECLARED_SELECTOR = YES;
				GCC_WARN_UNINITIALIZED_AUTOS = YES_AGGRESSIVE;
				GCC_WARN_UNUSED_FUNCTION = YES;
				GCC_WARN_UNUSED_VARIABLE = YES;
				IPHONEOS_DEPLOYMENT_TARGET = 13.6;
				MTL_ENABLE_DEBUG_INFO = INCLUDE_SOURCE;
				MTL_FAST_MATH = YES;
				ONLY_ACTIVE_ARCH = YES;
				SDKROOT = iphoneos;
				SWIFT_ACTIVE_COMPILATION_CONDITIONS = DEBUG;
				SWIFT_OPTIMIZATION_LEVEL = "-Onone";
			};
			name = Debug;
		};
		BCE7909624DB9C74001E8488 /* Release */ = {
			isa = XCBuildConfiguration;
			buildSettings = {
				ALWAYS_SEARCH_USER_PATHS = NO;
				CLANG_ANALYZER_NONNULL = YES;
				CLANG_ANALYZER_NUMBER_OBJECT_CONVERSION = YES_AGGRESSIVE;
				CLANG_CXX_LANGUAGE_STANDARD = "gnu++14";
				CLANG_CXX_LIBRARY = "libc++";
				CLANG_ENABLE_MODULES = YES;
				CLANG_ENABLE_OBJC_ARC = YES;
				CLANG_ENABLE_OBJC_WEAK = YES;
				CLANG_WARN_BLOCK_CAPTURE_AUTORELEASING = YES;
				CLANG_WARN_BOOL_CONVERSION = YES;
				CLANG_WARN_COMMA = YES;
				CLANG_WARN_CONSTANT_CONVERSION = YES;
				CLANG_WARN_DEPRECATED_OBJC_IMPLEMENTATIONS = YES;
				CLANG_WARN_DIRECT_OBJC_ISA_USAGE = YES_ERROR;
				CLANG_WARN_DOCUMENTATION_COMMENTS = YES;
				CLANG_WARN_EMPTY_BODY = YES;
				CLANG_WARN_ENUM_CONVERSION = YES;
				CLANG_WARN_INFINITE_RECURSION = YES;
				CLANG_WARN_INT_CONVERSION = YES;
				CLANG_WARN_NON_LITERAL_NULL_CONVERSION = YES;
				CLANG_WARN_OBJC_IMPLICIT_RETAIN_SELF = YES;
				CLANG_WARN_OBJC_LITERAL_CONVERSION = YES;
				CLANG_WARN_OBJC_ROOT_CLASS = YES_ERROR;
				CLANG_WARN_RANGE_LOOP_ANALYSIS = YES;
				CLANG_WARN_STRICT_PROTOTYPES = YES;
				CLANG_WARN_SUSPICIOUS_MOVE = YES;
				CLANG_WARN_UNGUARDED_AVAILABILITY = YES_AGGRESSIVE;
				CLANG_WARN_UNREACHABLE_CODE = YES;
				CLANG_WARN__DUPLICATE_METHOD_MATCH = YES;
				COPY_PHASE_STRIP = NO;
				DEBUG_INFORMATION_FORMAT = "dwarf-with-dsym";
				ENABLE_NS_ASSERTIONS = NO;
				ENABLE_STRICT_OBJC_MSGSEND = YES;
				GCC_C_LANGUAGE_STANDARD = gnu11;
				GCC_NO_COMMON_BLOCKS = YES;
				GCC_WARN_64_TO_32_BIT_CONVERSION = YES;
				GCC_WARN_ABOUT_RETURN_TYPE = YES_ERROR;
				GCC_WARN_UNDECLARED_SELECTOR = YES;
				GCC_WARN_UNINITIALIZED_AUTOS = YES_AGGRESSIVE;
				GCC_WARN_UNUSED_FUNCTION = YES;
				GCC_WARN_UNUSED_VARIABLE = YES;
				IPHONEOS_DEPLOYMENT_TARGET = 13.6;
				MTL_ENABLE_DEBUG_INFO = NO;
				MTL_FAST_MATH = YES;
				SDKROOT = iphoneos;
				SWIFT_COMPILATION_MODE = wholemodule;
				SWIFT_OPTIMIZATION_LEVEL = "-O";
				VALIDATE_PRODUCT = YES;
			};
			name = Release;
		};
		BCE7909824DB9C74001E8488 /* Debug */ = {
			isa = XCBuildConfiguration;
			buildSettings = {
				ASSETCATALOG_COMPILER_APPICON_NAME = AppIcon;
				CODE_SIGN_STYLE = Automatic;
				DEVELOPMENT_TEAM = 3464AT77WW;
				INFOPLIST_FILE = "Buku Nikah Completed Project/Info.plist";
				LD_RUNPATH_SEARCH_PATHS = (
					"$(inherited)",
					"@executable_path/Frameworks",
				);
				PRODUCT_BUNDLE_IDENTIFIER = "com.muhirfan.Buku-Nikah-Completed-Project";
				PRODUCT_NAME = "Wedding Invitation";
				SWIFT_VERSION = 5.0;
				TARGETED_DEVICE_FAMILY = "1,2";
			};
			name = Debug;
		};
		BCE7909924DB9C74001E8488 /* Release */ = {
			isa = XCBuildConfiguration;
			buildSettings = {
				ASSETCATALOG_COMPILER_APPICON_NAME = AppIcon;
				CODE_SIGN_STYLE = Automatic;
				DEVELOPMENT_TEAM = 3464AT77WW;
				INFOPLIST_FILE = "Buku Nikah Completed Project/Info.plist";
				LD_RUNPATH_SEARCH_PATHS = (
					"$(inherited)",
					"@executable_path/Frameworks",
				);
				PRODUCT_BUNDLE_IDENTIFIER = "com.muhirfan.Buku-Nikah-Completed-Project";
				PRODUCT_NAME = "Wedding Invitation";
				SWIFT_VERSION = 5.0;
				TARGETED_DEVICE_FAMILY = "1,2";
			};
			name = Release;
		};
/* End XCBuildConfiguration section */

/* Begin XCConfigurationList section */
		BCE7907E24DB9C72001E8488 /* Build configuration list for PBXProject "Buku Nikah Completed Project" */ = {
			isa = XCConfigurationList;
			buildConfigurations = (
				BCE7909524DB9C74001E8488 /* Debug */,
				BCE7909624DB9C74001E8488 /* Release */,
			);
			defaultConfigurationIsVisible = 0;
			defaultConfigurationName = Release;
		};
		BCE7909724DB9C74001E8488 /* Build configuration list for PBXNativeTarget "Buku Nikah Completed Project" */ = {
			isa = XCConfigurationList;
			buildConfigurations = (
				BCE7909824DB9C74001E8488 /* Debug */,
				BCE7909924DB9C74001E8488 /* Release */,
			);
			defaultConfigurationIsVisible = 0;
			defaultConfigurationName = Release;
		};
/* End XCConfigurationList section */
	};
	rootObject = BCE7907B24DB9C72001E8488 /* Project object */;
}
